// !$*UTF8*$!
{
	archiveVersion = 1;
	classes = {
	};
	objectVersion = 46;
	objects = {

/* Begin PBXBuildFile section */
		47788A821946D2F20008B100 /* Foundation.framework in Frameworks */ = {isa = PBXBuildFile; fileRef = 47788A811946D2F20008B100 /* Foundation.framework */; };
		47788A841946D2F20008B100 /* CoreGraphics.framework in Frameworks */ = {isa = PBXBuildFile; fileRef = 47788A831946D2F20008B100 /* CoreGraphics.framework */; };
		47788A861946D2F20008B100 /* UIKit.framework in Frameworks */ = {isa = PBXBuildFile; fileRef = 47788A851946D2F20008B100 /* UIKit.framework */; };
		47788A881946D2F20008B100 /* SpriteKit.framework in Frameworks */ = {isa = PBXBuildFile; fileRef = 47788A871946D2F20008B100 /* SpriteKit.framework */; };
		47788A8E1946D2F20008B100 /* InfoPlist.strings in Resources */ = {isa = PBXBuildFile; fileRef = 47788A8C1946D2F20008B100 /* InfoPlist.strings */; };
		47788A901946D2F20008B100 /* main.m in Sources */ = {isa = PBXBuildFile; fileRef = 47788A8F1946D2F20008B100 /* main.m */; };
		47788A941946D2F20008B100 /* HRYAppDelegate.m in Sources */ = {isa = PBXBuildFile; fileRef = 47788A931946D2F20008B100 /* HRYAppDelegate.m */; };
		47788A971946D2F20008B100 /* Main.storyboard in Resources */ = {isa = PBXBuildFile; fileRef = 47788A951946D2F20008B100 /* Main.storyboard */; };
		47788A9A1946D2F20008B100 /* HRYViewController.m in Sources */ = {isa = PBXBuildFile; fileRef = 47788A991946D2F20008B100 /* HRYViewController.m */; };
		47788A9D1946D2F20008B100 /* HRYMyScene.m in Sources */ = {isa = PBXBuildFile; fileRef = 47788A9C1946D2F20008B100 /* HRYMyScene.m */; };
		47788AA11946D2F20008B100 /* Images.xcassets in Resources */ = {isa = PBXBuildFile; fileRef = 47788AA01946D2F20008B100 /* Images.xcassets */; };
		47788AA81946D2F20008B100 /* XCTest.framework in Frameworks */ = {isa = PBXBuildFile; fileRef = 47788AA71946D2F20008B100 /* XCTest.framework */; };
		47788AA91946D2F20008B100 /* Foundation.framework in Frameworks */ = {isa = PBXBuildFile; fileRef = 47788A811946D2F20008B100 /* Foundation.framework */; };
		47788AAA1946D2F20008B100 /* UIKit.framework in Frameworks */ = {isa = PBXBuildFile; fileRef = 47788A851946D2F20008B100 /* UIKit.framework */; };
		47788AB21946D2F20008B100 /* InfoPlist.strings in Resources */ = {isa = PBXBuildFile; fileRef = 47788AB01946D2F20008B100 /* InfoPlist.strings */; };
		47788AB41946D2F20008B100 /* CookieCrunchTests.m in Sources */ = {isa = PBXBuildFile; fileRef = 47788AB31946D2F20008B100 /* CookieCrunchTests.m */; };
		47852F671946E30B0095AB68 /* Sprites.atlas in Resources */ = {isa = PBXBuildFile; fileRef = 47852F661946E30B0095AB68 /* Sprites.atlas */; };
		47852F6A1946E6440095AB68 /* HRYCookie.m in Sources */ = {isa = PBXBuildFile; fileRef = 47852F691946E6440095AB68 /* HRYCookie.m */; };
/* End PBXBuildFile section */

/* Begin PBXContainerItemProxy section */
		47788AAB1946D2F20008B100 /* PBXContainerItemProxy */ = {
			isa = PBXContainerItemProxy;
			containerPortal = 47788A761946D2F20008B100 /* Project object */;
			proxyType = 1;
			remoteGlobalIDString = 47788A7D1946D2F20008B100;
			remoteInfo = CookieCrunch;
		};
/* End PBXContainerItemProxy section */

/* Begin PBXFileReference section */
		47788A7E1946D2F20008B100 /* CookieCrunch.app */ = {isa = PBXFileReference; explicitFileType = wrapper.application; includeInIndex = 0; path = CookieCrunch.app; sourceTree = BUILT_PRODUCTS_DIR; };
		47788A811946D2F20008B100 /* Foundation.framework */ = {isa = PBXFileReference; lastKnownFileType = wrapper.framework; name = Foundation.framework; path = System/Library/Frameworks/Foundation.framework; sourceTree = SDKROOT; };
		47788A831946D2F20008B100 /* CoreGraphics.framework */ = {isa = PBXFileReference; lastKnownFileType = wrapper.framework; name = CoreGraphics.framework; path = System/Library/Frameworks/CoreGraphics.framework; sourceTree = SDKROOT; };
		47788A851946D2F20008B100 /* UIKit.framework */ = {isa = PBXFileReference; lastKnownFileType = wrapper.framework; name = UIKit.framework; path = System/Library/Frameworks/UIKit.framework; sourceTree = SDKROOT; };
		47788A871946D2F20008B100 /* SpriteKit.framework */ = {isa = PBXFileReference; lastKnownFileType = wrapper.framework; name = SpriteKit.framework; path = System/Library/Frameworks/SpriteKit.framework; sourceTree = SDKROOT; };
		47788A8B1946D2F20008B100 /* CookieCrunch-Info.plist */ = {isa = PBXFileReference; lastKnownFileType = text.plist.xml; path = "CookieCrunch-Info.plist"; sourceTree = "<group>"; };
		47788A8D1946D2F20008B100 /* en */ = {isa = PBXFileReference; lastKnownFileType = text.plist.strings; name = en; path = en.lproj/InfoPlist.strings; sourceTree = "<group>"; };
		47788A8F1946D2F20008B100 /* main.m */ = {isa = PBXFileReference; lastKnownFileType = sourcecode.c.objc; path = main.m; sourceTree = "<group>"; };
		47788A911946D2F20008B100 /* CookieCrunch-Prefix.pch */ = {isa = PBXFileReference; lastKnownFileType = sourcecode.c.h; path = "CookieCrunch-Prefix.pch"; sourceTree = "<group>"; };
		47788A921946D2F20008B100 /* HRYAppDelegate.h */ = {isa = PBXFileReference; lastKnownFileType = sourcecode.c.h; path = HRYAppDelegate.h; sourceTree = "<group>"; };
		47788A931946D2F20008B100 /* HRYAppDelegate.m */ = {isa = PBXFileReference; lastKnownFileType = sourcecode.c.objc; path = HRYAppDelegate.m; sourceTree = "<group>"; };
		47788A961946D2F20008B100 /* Base */ = {isa = PBXFileReference; lastKnownFileType = file.storyboard; name = Base; path = Base.lproj/Main.storyboard; sourceTree = "<group>"; };
		47788A981946D2F20008B100 /* HRYViewController.h */ = {isa = PBXFileReference; lastKnownFileType = sourcecode.c.h; path = HRYViewController.h; sourceTree = "<group>"; };
		47788A991946D2F20008B100 /* HRYViewController.m */ = {isa = PBXFileReference; lastKnownFileType = sourcecode.c.objc; path = HRYViewController.m; sourceTree = "<group>"; };
		47788A9B1946D2F20008B100 /* HRYMyScene.h */ = {isa = PBXFileReference; lastKnownFileType = sourcecode.c.h; path = HRYMyScene.h; sourceTree = "<group>"; };
		47788A9C1946D2F20008B100 /* HRYMyScene.m */ = {isa = PBXFileReference; lastKnownFileType = sourcecode.c.objc; path = HRYMyScene.m; sourceTree = "<group>"; };
		47788AA01946D2F20008B100 /* Images.xcassets */ = {isa = PBXFileReference; lastKnownFileType = folder.assetcatalog; path = Images.xcassets; sourceTree = "<group>"; };
		47788AA61946D2F20008B100 /* CookieCrunchTests.xctest */ = {isa = PBXFileReference; explicitFileType = wrapper.cfbundle; includeInIndex = 0; path = CookieCrunchTests.xctest; sourceTree = BUILT_PRODUCTS_DIR; };
		47788AA71946D2F20008B100 /* XCTest.framework */ = {isa = PBXFileReference; lastKnownFileType = wrapper.framework; name = XCTest.framework; path = Library/Frameworks/XCTest.framework; sourceTree = DEVELOPER_DIR; };
		47788AAF1946D2F20008B100 /* CookieCrunchTests-Info.plist */ = {isa = PBXFileReference; lastKnownFileType = text.plist.xml; path = "CookieCrunchTests-Info.plist"; sourceTree = "<group>"; };
		47788AB11946D2F20008B100 /* en */ = {isa = PBXFileReference; lastKnownFileType = text.plist.strings; name = en; path = en.lproj/InfoPlist.strings; sourceTree = "<group>"; };
		47788AB31946D2F20008B100 /* CookieCrunchTests.m */ = {isa = PBXFileReference; lastKnownFileType = sourcecode.c.objc; path = CookieCrunchTests.m; sourceTree = "<group>"; };
		47852F661946E30B0095AB68 /* Sprites.atlas */ = {isa = PBXFileReference; lastKnownFileType = folder.skatlas; path = Sprites.atlas; sourceTree = "<group>"; };
		47852F681946E6440095AB68 /* HRYCookie.h */ = {isa = PBXFileReference; fileEncoding = 4; lastKnownFileType = sourcecode.c.h; path = HRYCookie.h; sourceTree = "<group>"; };
		47852F691946E6440095AB68 /* HRYCookie.m */ = {isa = PBXFileReference; fileEncoding = 4; lastKnownFileType = sourcecode.c.objc; path = HRYCookie.m; sourceTree = "<group>"; };
/* End PBXFileReference section */

/* Begin PBXFrameworksBuildPhase section */
		47788A7B1946D2F20008B100 /* Frameworks */ = {
			isa = PBXFrameworksBuildPhase;
			buildActionMask = 2147483647;
			files = (
				47788A841946D2F20008B100 /* CoreGraphics.framework in Frameworks */,
				47788A861946D2F20008B100 /* UIKit.framework in Frameworks */,
				47788A881946D2F20008B100 /* SpriteKit.framework in Frameworks */,
				47788A821946D2F20008B100 /* Foundation.framework in Frameworks */,
			);
			runOnlyForDeploymentPostprocessing = 0;
		};
		47788AA31946D2F20008B100 /* Frameworks */ = {
			isa = PBXFrameworksBuildPhase;
			buildActionMask = 2147483647;
			files = (
				47788AA81946D2F20008B100 /* XCTest.framework in Frameworks */,
				47788AAA1946D2F20008B100 /* UIKit.framework in Frameworks */,
				47788AA91946D2F20008B100 /* Foundation.framework in Frameworks */,
			);
			runOnlyForDeploymentPostprocessing = 0;
		};
/* End PBXFrameworksBuildPhase section */

/* Begin PBXGroup section */
		47788A751946D2F20008B100 = {
			isa = PBXGroup;
			children = (
				47788A891946D2F20008B100 /* CookieCrunch */,
				47788AAD1946D2F20008B100 /* CookieCrunchTests */,
				47788A801946D2F20008B100 /* Frameworks */,
				47788A7F1946D2F20008B100 /* Products */,
			);
			sourceTree = "<group>";
		};
		47788A7F1946D2F20008B100 /* Products */ = {
			isa = PBXGroup;
			children = (
				47788A7E1946D2F20008B100 /* CookieCrunch.app */,
				47788AA61946D2F20008B100 /* CookieCrunchTests.xctest */,
			);
			name = Products;
			sourceTree = "<group>";
		};
		47788A801946D2F20008B100 /* Frameworks */ = {
			isa = PBXGroup;
			children = (
				47788A811946D2F20008B100 /* Foundation.framework */,
				47788A831946D2F20008B100 /* CoreGraphics.framework */,
				47788A851946D2F20008B100 /* UIKit.framework */,
				47788A871946D2F20008B100 /* SpriteKit.framework */,
				47788AA71946D2F20008B100 /* XCTest.framework */,
			);
			name = Frameworks;
			sourceTree = "<group>";
		};
		47788A891946D2F20008B100 /* CookieCrunch */ = {
			isa = PBXGroup;
			children = (
				47852F661946E30B0095AB68 /* Sprites.atlas */,
				47788A921946D2F20008B100 /* HRYAppDelegate.h */,
				47788A931946D2F20008B100 /* HRYAppDelegate.m */,
				47788A951946D2F20008B100 /* Main.storyboard */,
				47788A981946D2F20008B100 /* HRYViewController.h */,
				47788A991946D2F20008B100 /* HRYViewController.m */,
				47788A9B1946D2F20008B100 /* HRYMyScene.h */,
				47788A9C1946D2F20008B100 /* HRYMyScene.m */,
				47852F681946E6440095AB68 /* HRYCookie.h */,
				47852F691946E6440095AB68 /* HRYCookie.m */,
				47788AA01946D2F20008B100 /* Images.xcassets */,
				47788A8A1946D2F20008B100 /* Supporting Files */,
			);
			path = CookieCrunch;
			sourceTree = "<group>";
		};
		47788A8A1946D2F20008B100 /* Supporting Files */ = {
			isa = PBXGroup;
			children = (
				47788A8B1946D2F20008B100 /* CookieCrunch-Info.plist */,
				47788A8C1946D2F20008B100 /* InfoPlist.strings */,
				47788A8F1946D2F20008B100 /* main.m */,
				47788A911946D2F20008B100 /* CookieCrunch-Prefix.pch */,
			);
			name = "Supporting Files";
			sourceTree = "<group>";
		};
		47788AAD1946D2F20008B100 /* CookieCrunchTests */ = {
			isa = PBXGroup;
			children = (
				47788AB31946D2F20008B100 /* CookieCrunchTests.m */,
				47788AAE1946D2F20008B100 /* Supporting Files */,
			);
			path = CookieCrunchTests;
			sourceTree = "<group>";
		};
		47788AAE1946D2F20008B100 /* Supporting Files */ = {
			isa = PBXGroup;
			children = (
				47788AAF1946D2F20008B100 /* CookieCrunchTests-Info.plist */,
				47788AB01946D2F20008B100 /* InfoPlist.strings */,
			);
			name = "Supporting Files";
			sourceTree = "<group>";
		};
/* End PBXGroup section */

/* Begin PBXNativeTarget section */
		47788A7D1946D2F20008B100 /* CookieCrunch */ = {
			isa = PBXNativeTarget;
			buildConfigurationList = 47788AB71946D2F20008B100 /* Build configuration list for PBXNativeTarget "CookieCrunch" */;
			buildPhases = (
				47788A7A1946D2F20008B100 /* Sources */,
				47788A7B1946D2F20008B100 /* Frameworks */,
				47788A7C1946D2F20008B100 /* Resources */,
			);
			buildRules = (
			);
			dependencies = (
			);
			name = CookieCrunch;
			productName = CookieCrunch;
			productReference = 47788A7E1946D2F20008B100 /* CookieCrunch.app */;
			productType = "com.apple.product-type.application";
		};
		47788AA51946D2F20008B100 /* CookieCrunchTests */ = {
			isa = PBXNativeTarget;
			buildConfigurationList = 47788ABA1946D2F20008B100 /* Build configuration list for PBXNativeTarget "CookieCrunchTests" */;
			buildPhases = (
				47788AA21946D2F20008B100 /* Sources */,
				47788AA31946D2F20008B100 /* Frameworks */,
				47788AA41946D2F20008B100 /* Resources */,
			);
			buildRules = (
			);
			dependencies = (
				47788AAC1946D2F20008B100 /* PBXTargetDependency */,
			);
			name = CookieCrunchTests;
			productName = CookieCrunchTests;
			productReference = 47788AA61946D2F20008B100 /* CookieCrunchTests.xctest */;
			productType = "com.apple.product-type.bundle.unit-test";
		};
/* End PBXNativeTarget section */

/* Begin PBXProject section */
		47788A761946D2F20008B100 /* Project object */ = {
			isa = PBXProject;
			attributes = {
				CLASSPREFIX = HRY;
				LastUpgradeCheck = 0510;
				ORGANIZATIONNAME = "Ryoichi Hara";
				TargetAttributes = {
					47788AA51946D2F20008B100 = {
						TestTargetID = 47788A7D1946D2F20008B100;
					};
				};
			};
			buildConfigurationList = 47788A791946D2F20008B100 /* Build configuration list for PBXProject "CookieCrunch" */;
			compatibilityVersion = "Xcode 3.2";
			developmentRegion = English;
			hasScannedForEncodings = 0;
			knownRegions = (
				en,
				Base,
			);
			mainGroup = 47788A751946D2F20008B100;
			productRefGroup = 47788A7F1946D2F20008B100 /* Products */;
			projectDirPath = "";
			projectRoot = "";
			targets = (
				47788A7D1946D2F20008B100 /* CookieCrunch */,
				47788AA51946D2F20008B100 /* CookieCrunchTests */,
			);
		};
/* End PBXProject section */

/* Begin PBXResourcesBuildPhase section */
		47788A7C1946D2F20008B100 /* Resources */ = {
			isa = PBXResourcesBuildPhase;
			buildActionMask = 2147483647;
			files = (
				47788A8E1946D2F20008B100 /* InfoPlist.strings in Resources */,
				47788AA11946D2F20008B100 /* Images.xcassets in Resources */,
				47788A971946D2F20008B100 /* Main.storyboard in Resources */,
				47852F671946E30B0095AB68 /* Sprites.atlas in Resources */,
			);
			runOnlyForDeploymentPostprocessing = 0;
		};
		47788AA41946D2F20008B100 /* Resources */ = {
			isa = PBXResourcesBuildPhase;
			buildActionMask = 2147483647;
			files = (
				47788AB21946D2F20008B100 /* InfoPlist.strings in Resources */,
			);
			runOnlyForDeploymentPostprocessing = 0;
		};
/* End PBXResourcesBuildPhase section */

/* Begin PBXSourcesBuildPhase section */
		47788A7A1946D2F20008B100 /* Sources */ = {
			isa = PBXSourcesBuildPhase;
			buildActionMask = 2147483647;
			files = (
				47788A941946D2F20008B100 /* HRYAppDelegate.m in Sources */,
				47852F6A1946E6440095AB68 /* HRYCookie.m in Sources */,
				47788A9A1946D2F20008B100 /* HRYViewController.m in Sources */,
				47788A9D1946D2F20008B100 /* HRYMyScene.m in Sources */,
				47788A901946D2F20008B100 /* main.m in Sources */,
			);
			runOnlyForDeploymentPostprocessing = 0;
		};
		47788AA21946D2F20008B100 /* Sources */ = {
			isa = PBXSourcesBuildPhase;
			buildActionMask = 2147483647;
			files = (
				47788AB41946D2F20008B100 /* CookieCrunchTests.m in Sources */,
			);
			runOnlyForDeploymentPostprocessing = 0;
		};
/* End PBXSourcesBuildPhase section */

/* Begin PBXTargetDependency section */
		47788AAC1946D2F20008B100 /* PBXTargetDependency */ = {
			isa = PBXTargetDependency;
			target = 47788A7D1946D2F20008B100 /* CookieCrunch */;
			targetProxy = 47788AAB1946D2F20008B100 /* PBXContainerItemProxy */;
		};
/* End PBXTargetDependency section */

/* Begin PBXVariantGroup section */
		47788A8C1946D2F20008B100 /* InfoPlist.strings */ = {
			isa = PBXVariantGroup;
			children = (
				47788A8D1946D2F20008B100 /* en */,
			);
			name = InfoPlist.strings;
			sourceTree = "<group>";
		};
		47788A951946D2F20008B100 /* Main.storyboard */ = {
			isa = PBXVariantGroup;
			children = (
				47788A961946D2F20008B100 /* Base */,
			);
			name = Main.storyboard;
			sourceTree = "<group>";
		};
		47788AB01946D2F20008B100 /* InfoPlist.strings */ = {
			isa = PBXVariantGroup;
			children = (
				47788AB11946D2F20008B100 /* en */,
			);
			name = InfoPlist.strings;
			sourceTree = "<group>";
		};
/* End PBXVariantGroup section */

/* Begin XCBuildConfiguration section */
		47788AB51946D2F20008B100 /* Debug */ = {
			isa = XCBuildConfiguration;
			buildSettings = {
				ALWAYS_SEARCH_USER_PATHS = NO;
				CLANG_CXX_LANGUAGE_STANDARD = "gnu++0x";
				CLANG_CXX_LIBRARY = "libc++";
				CLANG_ENABLE_MODULES = YES;
				CLANG_ENABLE_OBJC_ARC = YES;
				CLANG_WARN_BOOL_CONVERSION = YES;
				CLANG_WARN_CONSTANT_CONVERSION = YES;
				CLANG_WARN_DIRECT_OBJC_ISA_USAGE = YES_ERROR;
				CLANG_WARN_EMPTY_BODY = YES;
				CLANG_WARN_ENUM_CONVERSION = YES;
				CLANG_WARN_INT_CONVERSION = YES;
				CLANG_WARN_OBJC_ROOT_CLASS = YES_ERROR;
				CLANG_WARN__DUPLICATE_METHOD_MATCH = YES;
				"CODE_SIGN_IDENTITY[sdk=iphoneos*]" = "iPhone Developer";
				COPY_PHASE_STRIP = NO;
				GCC_C_LANGUAGE_STANDARD = gnu99;
				GCC_DYNAMIC_NO_PIC = NO;
				GCC_OPTIMIZATION_LEVEL = 0;
				GCC_PREPROCESSOR_DEFINITIONS = (
					"DEBUG=1",
					"$(inherited)",
				);
				GCC_SYMBOLS_PRIVATE_EXTERN = NO;
				GCC_WARN_64_TO_32_BIT_CONVERSION = YES;
				GCC_WARN_ABOUT_RETURN_TYPE = YES_ERROR;
				GCC_WARN_UNDECLARED_SELECTOR = YES;
				GCC_WARN_UNINITIALIZED_AUTOS = YES_AGGRESSIVE;
				GCC_WARN_UNUSED_FUNCTION = YES;
				GCC_WARN_UNUSED_VARIABLE = YES;
				IPHONEOS_DEPLOYMENT_TARGET = 7.1;
				ONLY_ACTIVE_ARCH = YES;
				SDKROOT = iphoneos;
			};
			name = Debug;
		};
		47788AB61946D2F20008B100 /* Release */ = {
			isa = XCBuildConfiguration;
			buildSettings = {
				ALWAYS_SEARCH_USER_PATHS = NO;
				CLANG_CXX_LANGUAGE_STANDARD = "gnu++0x";
				CLANG_CXX_LIBRARY = "libc++";
				CLANG_ENABLE_MODULES = YES;
				CLANG_ENABLE_OBJC_ARC = YES;
				CLANG_WARN_BOOL_CONVERSION = YES;
				CLANG_WARN_CONSTANT_CONVERSION = YES;
				CLANG_WARN_DIRECT_OBJC_ISA_USAGE = YES_ERROR;
				CLANG_WARN_EMPTY_BODY = YES;
				CLANG_WARN_ENUM_CONVERSION = YES;
				CLANG_WARN_INT_CONVERSION = YES;
				CLANG_WARN_OBJC_ROOT_CLASS = YES_ERROR;
				CLANG_WARN__DUPLICATE_METHOD_MATCH = YES;
				"CODE_SIGN_IDENTITY[sdk=iphoneos*]" = "iPhone Developer";
				COPY_PHASE_STRIP = YES;
				ENABLE_NS_ASSERTIONS = NO;
				GCC_C_LANGUAGE_STANDARD = gnu99;
				GCC_WARN_64_TO_32_BIT_CONVERSION = YES;
				GCC_WARN_ABOUT_RETURN_TYPE = YES_ERROR;
				GCC_WARN_UNDECLARED_SELECTOR = YES;
				GCC_WARN_UNINITIALIZED_AUTOS = YES_AGGRESSIVE;
				GCC_WARN_UNUSED_FUNCTION = YES;
				GCC_WARN_UNUSED_VARIABLE = YES;
				IPHONEOS_DEPLOYMENT_TARGET = 7.1;
				SDKROOT = iphoneos;
				VALIDATE_PRODUCT = YES;
			};
			name = Release;
		};
		47788AB81946D2F20008B100 /* Debug */ = {
			isa = XCBuildConfiguration;
			buildSettings = {
				ASSETCATALOG_COMPILER_APPICON_NAME = AppIcon;
				ASSETCATALOG_COMPILER_LAUNCHIMAGE_NAME = LaunchImage;
				GCC_PRECOMPILE_PREFIX_HEADER = YES;
				GCC_PREFIX_HEADER = "CookieCrunch/CookieCrunch-Prefix.pch";
				INFOPLIST_FILE = "CookieCrunch/CookieCrunch-Info.plist";
				PRODUCT_NAME = "$(TARGET_NAME)";
				SPRITEKIT_TEXTURE_ATLAS_OUTPUT = YES;
				WRAPPER_EXTENSION = app;
			};
			name = Debug;
		};
		47788AB91946D2F20008B100 /* Release */ = {
			isa = XCBuildConfiguration;
			buildSettings = {
				ASSETCATALOG_COMPILER_APPICON_NAME = AppIcon;
				ASSETCATALOG_COMPILER_LAUNCHIMAGE_NAME = LaunchImage;
				GCC_PRECOMPILE_PREFIX_HEADER = YES;
				GCC_PREFIX_HEADER = "CookieCrunch/CookieCrunch-Prefix.pch";
				INFOPLIST_FILE = "CookieCrunch/CookieCrunch-Info.plist";
				PRODUCT_NAME = "$(TARGET_NAME)";
				SPRITEKIT_TEXTURE_ATLAS_OUTPUT = YES;
				WRAPPER_EXTENSION = app;
			};
			name = Release;
		};
		47788ABB1946D2F20008B100 /* Debug */ = {
			isa = XCBuildConfiguration;
			buildSettings = {
				BUNDLE_LOADER = "$(BUILT_PRODUCTS_DIR)/CookieCrunch.app/CookieCrunch";
				FRAMEWORK_SEARCH_PATHS = (
					"$(SDKROOT)/Developer/Library/Frameworks",
					"$(inherited)",
					"$(DEVELOPER_FRAMEWORKS_DIR)",
				);
				GCC_PRECOMPILE_PREFIX_HEADER = YES;
				GCC_PREFIX_HEADER = "CookieCrunch/CookieCrunch-Prefix.pch";
				GCC_PREPROCESSOR_DEFINITIONS = (
					"DEBUG=1",
					"$(inherited)",
				);
				INFOPLIST_FILE = "CookieCrunchTests/CookieCrunchTests-Info.plist";
				PRODUCT_NAME = "$(TARGET_NAME)";
				TEST_HOST = "$(BUNDLE_LOADER)";
				WRAPPER_EXTENSION = xctest;
			};
			name = Debug;
		};
		47788ABC1946D2F20008B100 /* Release */ = {
			isa = XCBuildConfiguration;
			buildSettings = {
				BUNDLE_LOADER = "$(BUILT_PRODUCTS_DIR)/CookieCrunch.app/CookieCrunch";
				FRAMEWORK_SEARCH_PATHS = (
					"$(SDKROOT)/Developer/Library/Frameworks",
					"$(inherited)",
					"$(DEVELOPER_FRAMEWORKS_DIR)",
				);
				GCC_PRECOMPILE_PREFIX_HEADER = YES;
				GCC_PREFIX_HEADER = "CookieCrunch/CookieCrunch-Prefix.pch";
				INFOPLIST_FILE = "CookieCrunchTests/CookieCrunchTests-Info.plist";
				PRODUCT_NAME = "$(TARGET_NAME)";
				TEST_HOST = "$(BUNDLE_LOADER)";
				WRAPPER_EXTENSION = xctest;
			};
			name = Release;
		};
/* End XCBuildConfiguration section */

/* Begin XCConfigurationList section */
		47788A791946D2F20008B100 /* Build configuration list for PBXProject "CookieCrunch" */ = {
			isa = XCConfigurationList;
			buildConfigurations = (
				47788AB51946D2F20008B100 /* Debug */,
				47788AB61946D2F20008B100 /* Release */,
			);
			defaultConfigurationIsVisible = 0;
			defaultConfigurationName = Release;
		};
		47788AB71946D2F20008B100 /* Build configuration list for PBXNativeTarget "CookieCrunch" */ = {
			isa = XCConfigurationList;
			buildConfigurations = (
				47788AB81946D2F20008B100 /* Debug */,
				47788AB91946D2F20008B100 /* Release */,
			);
			defaultConfigurationIsVisible = 0;
			defaultConfigurationName = Release;
		};
		47788ABA1946D2F20008B100 /* Build configuration list for PBXNativeTarget "CookieCrunchTests" */ = {
			isa = XCConfigurationList;
			buildConfigurations = (
				47788ABB1946D2F20008B100 /* Debug */,
				47788ABC1946D2F20008B100 /* Release */,
			);
			defaultConfigurationIsVisible = 0;
			defaultConfigurationName = Release;
		};
/* End XCConfigurationList section */
	};
	rootObject = 47788A761946D2F20008B100 /* Project object */;
}
